
Microsoft Visual Studio Solution File, Format Version 12.00
# Visual Studio Version 16
VisualStudioVersion = 25.0.1706.12
MinimumVisualStudioVersion = 10.0.40219.1
Project("{FAE04EC0-301F-11D3-BF4B-00C04F79EFBC}") = "CheckIfUserExists", "CheckIfUserExists.csproj", "{C360ED35-AC70-4587-A583-901C9B17F70C}"
EndProject
Global
	GlobalSection(SolutionConfigurationPlatforms) = preSolution
		Debug|Any CPU = Debug|Any CPU
		Release|Any CPU = Release|Any CPU
	EndGlobalSection
	GlobalSection(ProjectConfigurationPlatforms) = postSolution
		{C360ED35-AC70-4587-A583-901C9B17F70C}.Debug|Any CPU.ActiveCfg = Debug|Any CPU
		{C360ED35-AC70-4587-A583-901C9B17F70C}.Debug|Any CPU.Build.0 = Debug|Any CPU
		{C360ED35-AC70-4587-A583-901C9B17F70C}.Release|Any CPU.ActiveCfg = Release|Any CPU
		{C360ED35-AC70-4587-A583-901C9B17F70C}.Release|Any CPU.Build.0 = Release|Any CPU
	EndGlobalSection
	GlobalSection(SolutionProperties) = preSolution
		HideSolutionNode = FALSE
	EndGlobalSection
	GlobalSection(ExtensibilityGlobals) = postSolution
		SolutionGuid = {E19E8C8A-AD8E-4E8A-AF05-29D94F442747}
	EndGlobalSection
EndGlobal
